
Microsoft Visual Studio Solution File, Format Version 12.00
# Visual Studio Version 17
VisualStudioVersion = 17.0.31903.59
MinimumVisualStudioVersion = 10.0.40219.1
Project("{2150E333-8FDC-42A3-9474-1A3956D46DE8}") = "src", "src", "{827E0CD3-B72D-47B6-A68D-7590B98EB39B}"
EndProject
Project("{FAE04EC0-301F-11D3-BF4B-00C04F79EFBC}") = "Api", "src\Api\Api.csproj", "{2D66F9FA-5DD2-403E-A289-27C0086B9938}"
EndProject
Project("{FAE04EC0-301F-11D3-BF4B-00C04F79EFBC}") = "Application", "src\Application\Application.csproj", "{935721A3-F9A4-4628-88AF-0FC95865B860}"
EndProject
Project("{FAE04EC0-301F-11D3-BF4B-00C04F79EFBC}") = "Domain", "src\Domain\Domain.csproj", "{DBD9EFCB-DA96-4C50-8D15-EE450A660280}"
EndProject
Project("{FAE04EC0-301F-11D3-BF4B-00C04F79EFBC}") = "Infrastructure", "src\Infrastructure\Infrastructure.csproj", "{907E2A8D-6471-4063-8154-E373D145A4BA}"
EndProject
Project("{FAE04EC0-301F-11D3-BF4B-00C04F79EFBC}") = "Api.Tests", "tests\Api.Tests\Api.Tests.csproj", "{59AD439F-388D-426D-882F-8F93D3E30A8A}"
EndProject
Project("{FAE04EC0-301F-11D3-BF4B-00C04F79EFBC}") = "Application.Tests", "tests\Application.Tests\Application.Tests.csproj", "{6D7FB402-84AD-4795-BBD7-E26E1448A322}"
EndProject
Project("{FAE04EC0-301F-11D3-BF4B-00C04F79EFBC}") = "Domain.Tests", "tests\Domain.Tests\Domain.Tests.csproj", "{6521B217-CB02-4243-83D7-C23B17A3A063}"
EndProject
Project("{FAE04EC0-301F-11D3-BF4B-00C04F79EFBC}") = "Integration.Tests", "tests\Integration.Tests\Integration.Tests.csproj", "{CC5E0F47-3AFC-4F55-8989-ABE672E8B832}"
EndProject
Global
	GlobalSection(SolutionConfigurationPlatforms) = preSolution
		Debug|Any CPU = Debug|Any CPU
		Debug|x64 = Debug|x64
		Debug|x86 = Debug|x86
		Release|Any CPU = Release|Any CPU
		Release|x64 = Release|x64
		Release|x86 = Release|x86
	EndGlobalSection
	GlobalSection(ProjectConfigurationPlatforms) = postSolution
		{2D66F9FA-5DD2-403E-A289-27C0086B9938}.Debug|Any CPU.ActiveCfg = Debug|Any CPU
		{2D66F9FA-5DD2-403E-A289-27C0086B9938}.Debug|Any CPU.Build.0 = Debug|Any CPU
		{2D66F9FA-5DD2-403E-A289-27C0086B9938}.Debug|x64.ActiveCfg = Debug|Any CPU
		{2D66F9FA-5DD2-403E-A289-27C0086B9938}.Debug|x64.Build.0 = Debug|Any CPU
		{2D66F9FA-5DD2-403E-A289-27C0086B9938}.Debug|x86.ActiveCfg = Debug|Any CPU
		{2D66F9FA-5DD2-403E-A289-27C0086B9938}.Debug|x86.Build.0 = Debug|Any CPU
		{2D66F9FA-5DD2-403E-A289-27C0086B9938}.Release|Any CPU.ActiveCfg = Release|Any CPU
		{2D66F9FA-5DD2-403E-A289-27C0086B9938}.Release|Any CPU.Build.0 = Release|Any CPU
		{2D66F9FA-5DD2-403E-A289-27C0086B9938}.Release|x64.ActiveCfg = Release|Any CPU
		{2D66F9FA-5DD2-403E-A289-27C0086B9938}.Release|x64.Build.0 = Release|Any CPU
		{2D66F9FA-5DD2-403E-A289-27C0086B9938}.Release|x86.ActiveCfg = Release|Any CPU
		{2D66F9FA-5DD2-403E-A289-27C0086B9938}.Release|x86.Build.0 = Release|Any CPU
		{935721A3-F9A4-4628-88AF-0FC95865B860}.Debug|Any CPU.ActiveCfg = Debug|Any CPU
		{935721A3-F9A4-4628-88AF-0FC95865B860}.Debug|Any CPU.Build.0 = Debug|Any CPU
		{935721A3-F9A4-4628-88AF-0FC95865B860}.Debug|x64.ActiveCfg = Debug|Any CPU
		{935721A3-F9A4-4628-88AF-0FC95865B860}.Debug|x64.Build.0 = Debug|Any CPU
		{935721A3-F9A4-4628-88AF-0FC95865B860}.Debug|x86.ActiveCfg = Debug|Any CPU
		{935721A3-F9A4-4628-88AF-0FC95865B860}.Debug|x86.Build.0 = Debug|Any CPU
		{935721A3-F9A4-4628-88AF-0FC95865B860}.Release|Any CPU.ActiveCfg = Release|Any CPU
		{935721A3-F9A4-4628-88AF-0FC95865B860}.Release|Any CPU.Build.0 = Release|Any CPU
		{935721A3-F9A4-4628-88AF-0FC95865B860}.Release|x64.ActiveCfg = Release|Any CPU
		{935721A3-F9A4-4628-88AF-0FC95865B860}.Release|x64.Build.0 = Release|Any CPU
		{935721A3-F9A4-4628-88AF-0FC95865B860}.Release|x86.ActiveCfg = Release|Any CPU
		{935721A3-F9A4-4628-88AF-0FC95865B860}.Release|x86.Build.0 = Release|Any CPU
		{DBD9EFCB-DA96-4C50-8D15-EE450A660280}.Debug|Any CPU.ActiveCfg = Debug|Any CPU
		{DBD9EFCB-DA96-4C50-8D15-EE450A660280}.Debug|Any CPU.Build.0 = Debug|Any CPU
		{DBD9EFCB-DA96-4C50-8D15-EE450A660280}.Debug|x64.ActiveCfg = Debug|Any CPU
		{DBD9EFCB-DA96-4C50-8D15-EE450A660280}.Debug|x64.Build.0 = Debug|Any CPU
		{DBD9EFCB-DA96-4C50-8D15-EE450A660280}.Debug|x86.ActiveCfg = Debug|Any CPU
		{DBD9EFCB-DA96-4C50-8D15-EE450A660280}.Debug|x86.Build.0 = Debug|Any CPU
		{DBD9EFCB-DA96-4C50-8D15-EE450A660280}.Release|Any CPU.ActiveCfg = Release|Any CPU
		{DBD9EFCB-DA96-4C50-8D15-EE450A660280}.Release|Any CPU.Build.0 = Release|Any CPU
		{DBD9EFCB-DA96-4C50-8D15-EE450A660280}.Release|x64.ActiveCfg = Release|Any CPU
		{DBD9EFCB-DA96-4C50-8D15-EE450A660280}.Release|x64.Build.0 = Release|Any CPU
		{DBD9EFCB-DA96-4C50-8D15-EE450A660280}.Release|x86.ActiveCfg = Release|Any CPU
		{DBD9EFCB-DA96-4C50-8D15-EE450A660280}.Release|x86.Build.0 = Release|Any CPU
		{907E2A8D-6471-4063-8154-E373D145A4BA}.Debug|Any CPU.ActiveCfg = Debug|Any CPU
		{907E2A8D-6471-4063-8154-E373D145A4BA}.Debug|Any CPU.Build.0 = Debug|Any CPU
		{907E2A8D-6471-4063-8154-E373D145A4BA}.Debug|x64.ActiveCfg = Debug|Any CPU
		{907E2A8D-6471-4063-8154-E373D145A4BA}.Debug|x64.Build.0 = Debug|Any CPU
		{907E2A8D-6471-4063-8154-E373D145A4BA}.Debug|x86.ActiveCfg = Debug|Any CPU
		{907E2A8D-6471-4063-8154-E373D145A4BA}.Debug|x86.Build.0 = Debug|Any CPU
		{907E2A8D-6471-4063-8154-E373D145A4BA}.Release|Any CPU.ActiveCfg = Release|Any CPU
		{907E2A8D-6471-4063-8154-E373D145A4BA}.Release|Any CPU.Build.0 = Release|Any CPU
		{907E2A8D-6471-4063-8154-E373D145A4BA}.Release|x64.ActiveCfg = Release|Any CPU
		{907E2A8D-6471-4063-8154-E373D145A4BA}.Release|x64.Build.0 = Release|Any CPU
		{907E2A8D-6471-4063-8154-E373D145A4BA}.Release|x86.ActiveCfg = Release|Any CPU
		{907E2A8D-6471-4063-8154-E373D145A4BA}.Release|x86.Build.0 = Release|Any CPU
		{59AD439F-388D-426D-882F-8F93D3E30A8A}.Debug|Any CPU.ActiveCfg = Debug|Any CPU
		{59AD439F-388D-426D-882F-8F93D3E30A8A}.Debug|Any CPU.Build.0 = Debug|Any CPU
		{59AD439F-388D-426D-882F-8F93D3E30A8A}.Debug|x64.ActiveCfg = Debug|Any CPU
		{59AD439F-388D-426D-882F-8F93D3E30A8A}.Debug|x64.Build.0 = Debug|Any CPU
		{59AD439F-388D-426D-882F-8F93D3E30A8A}.Debug|x86.ActiveCfg = Debug|Any CPU
		{59AD439F-388D-426D-882F-8F93D3E30A8A}.Debug|x86.Build.0 = Debug|Any CPU
		{59AD439F-388D-426D-882F-8F93D3E30A8A}.Release|Any CPU.ActiveCfg = Release|Any CPU
		{59AD439F-388D-426D-882F-8F93D3E30A8A}.Release|Any CPU.Build.0 = Release|Any CPU
		{59AD439F-388D-426D-882F-8F93D3E30A8A}.Release|x64.ActiveCfg = Release|Any CPU
		{59AD439F-388D-426D-882F-8F93D3E30A8A}.Release|x64.Build.0 = Release|Any CPU
		{59AD439F-388D-426D-882F-8F93D3E30A8A}.Release|x86.ActiveCfg = Release|Any CPU
		{59AD439F-388D-426D-882F-8F93D3E30A8A}.Release|x86.Build.0 = Release|Any CPU
		{6D7FB402-84AD-4795-BBD7-E26E1448A322}.Debug|Any CPU.ActiveCfg = Debug|Any CPU
		{6D7FB402-84AD-4795-BBD7-E26E1448A322}.Debug|Any CPU.Build.0 = Debug|Any CPU
		{6D7FB402-84AD-4795-BBD7-E26E1448A322}.Debug|x64.ActiveCfg = Debug|Any CPU
		{6D7FB402-84AD-4795-BBD7-E26E1448A322}.Debug|x64.Build.0 = Debug|Any CPU
		{6D7FB402-84AD-4795-BBD7-E26E1448A322}.Debug|x86.ActiveCfg = Debug|Any CPU
		{6D7FB402-84AD-4795-BBD7-E26E1448A322}.Debug|x86.Build.0 = Debug|Any CPU
		{6D7FB402-84AD-4795-BBD7-E26E1448A322}.Release|Any CPU.ActiveCfg = Release|Any CPU
		{6D7FB402-84AD-4795-BBD7-E26E1448A322}.Release|Any CPU.Build.0 = Release|Any CPU
		{6D7FB402-84AD-4795-BBD7-E26E1448A322}.Release|x64.ActiveCfg = Release|Any CPU
		{6D7FB402-84AD-4795-BBD7-E26E1448A322}.Release|x64.Build.0 = Release|Any CPU
		{6D7FB402-84AD-4795-BBD7-E26E1448A322}.Release|x86.ActiveCfg = Release|Any CPU
		{6D7FB402-84AD-4795-BBD7-E26E1448A322}.Release|x86.Build.0 = Release|Any CPU
		{6521B217-CB02-4243-83D7-C23B17A3A063}.Debug|Any CPU.ActiveCfg = Debug|Any CPU
		{6521B217-CB02-4243-83D7-C23B17A3A063}.Debug|Any CPU.Build.0 = Debug|Any CPU
		{6521B217-CB02-4243-83D7-C23B17A3A063}.Debug|x64.ActiveCfg = Debug|Any CPU
		{6521B217-CB02-4243-83D7-C23B17A3A063}.Debug|x64.Build.0 = Debug|Any CPU
		{6521B217-CB02-4243-83D7-C23B17A3A063}.Debug|x86.ActiveCfg = Debug|Any CPU
		{6521B217-CB02-4243-83D7-C23B17A3A063}.Debug|x86.Build.0 = Debug|Any CPU
		{6521B217-CB02-4243-83D7-C23B17A3A063}.Release|Any CPU.ActiveCfg = Release|Any CPU
		{6521B217-CB02-4243-83D7-C23B17A3A063}.Release|Any CPU.Build.0 = Release|Any CPU
		{6521B217-CB02-4243-83D7-C23B17A3A063}.Release|x64.ActiveCfg = Release|Any CPU
		{6521B217-CB02-4243-83D7-C23B17A3A063}.Release|x64.Build.0 = Release|Any CPU
		{6521B217-CB02-4243-83D7-C23B17A3A063}.Release|x86.ActiveCfg = Release|Any CPU
		{6521B217-CB02-4243-83D7-C23B17A3A063}.Release|x86.Build.0 = Release|Any CPU
		{CC5E0F47-3AFC-4F55-8989-ABE672E8B832}.Debug|Any CPU.ActiveCfg = Debug|Any CPU
		{CC5E0F47-3AFC-4F55-8989-ABE672E8B832}.Debug|Any CPU.Build.0 = Debug|Any CPU
		{CC5E0F47-3AFC-4F55-8989-ABE672E8B832}.Debug|x64.ActiveCfg = Debug|Any CPU
		{CC5E0F47-3AFC-4F55-8989-ABE672E8B832}.Debug|x64.Build.0 = Debug|Any CPU
		{CC5E0F47-3AFC-4F55-8989-ABE672E8B832}.Debug|x86.ActiveCfg = Debug|Any CPU
		{CC5E0F47-3AFC-4F55-8989-ABE672E8B832}.Debug|x86.Build.0 = Debug|Any CPU
		{CC5E0F47-3AFC-4F55-8989-ABE672E8B832}.Release|Any CPU.ActiveCfg = Release|Any CPU
		{CC5E0F47-3AFC-4F55-8989-ABE672E8B832}.Release|Any CPU.Build.0 = Release|Any CPU
		{CC5E0F47-3AFC-4F55-8989-ABE672E8B832}.Release|x64.ActiveCfg = Release|Any CPU
		{CC5E0F47-3AFC-4F55-8989-ABE672E8B832}.Release|x64.Build.0 = Release|Any CPU
		{CC5E0F47-3AFC-4F55-8989-ABE672E8B832}.Release|x86.ActiveCfg = Release|Any CPU
		{CC5E0F47-3AFC-4F55-8989-ABE672E8B832}.Release|x86.Build.0 = Release|Any CPU
	EndGlobalSection
	GlobalSection(SolutionProperties) = preSolution
		HideSolutionNode = FALSE
	EndGlobalSection
	GlobalSection(NestedProjects) = preSolution
		{2D66F9FA-5DD2-403E-A289-27C0086B9938} = {827E0CD3-B72D-47B6-A68D-7590B98EB39B}
		{935721A3-F9A4-4628-88AF-0FC95865B860} = {827E0CD3-B72D-47B6-A68D-7590B98EB39B}
		{DBD9EFCB-DA96-4C50-8D15-EE450A660280} = {827E0CD3-B72D-47B6-A68D-7590B98EB39B}
		{907E2A8D-6471-4063-8154-E373D145A4BA} = {827E0CD3-B72D-47B6-A68D-7590B98EB39B}
		{59AD439F-388D-426D-882F-8F93D3E30A8A} = {827E0CD3-B72D-47B6-A68D-7590B98EB39B}
		{6D7FB402-84AD-4795-BBD7-E26E1448A322} = {827E0CD3-B72D-47B6-A68D-7590B98EB39B}
		{6521B217-CB02-4243-83D7-C23B17A3A063} = {827E0CD3-B72D-47B6-A68D-7590B98EB39B}
		{CC5E0F47-3AFC-4F55-8989-ABE672E8B832} = {827E0CD3-B72D-47B6-A68D-7590B98EB39B}
	EndGlobalSection
EndGlobal
